# This file is automatically @generated by Poetry 1.8.3 and should not be changed by hand.

[[package]]
name = "numpy"
version = "1.26.4"
description = "Fundamental package for array computing in Python"
optional = false
python-versions = ">=3.9"
files = [
    {file = "numpy-1.26.4-cp310-cp310-macosx_10_9_x86_64.whl", hash = "sha256:9ff0f4f29c51e2803569d7a51c2304de5554655a60c5d776e35b4a41413830d0"},
    {file = "numpy-1.26.4-cp310-cp310-macosx_11_0_arm64.whl", hash = "sha256:2e4ee3380d6de9c9ec04745830fd9e2eccb3e6cf790d39d7b98ffd19b0dd754a"},
    {file = "numpy-1.26.4-cp310-cp310-manylinux_2_17_aarch64.manylinux2014_aarch64.whl", hash = "sha256:d209d8969599b27ad20994c8e41936ee0964e6da07478d6c35016bc386b66ad4"},
    {file = "numpy-1.26.4-cp310-cp310-manylinux_2_17_x86_64.manylinux2014_x86_64.whl", hash = "sha256:ffa75af20b44f8dba823498024771d5ac50620e6915abac414251bd971b4529f"},
    {file = "numpy-1.26.4-cp310-cp310-musllinux_1_1_aarch64.whl", hash = "sha256:62b8e4b1e28009ef2846b4c7852046736bab361f7aeadeb6a5b89ebec3c7055a"},
    {file = "numpy-1.26.4-cp310-cp310-musllinux_1_1_x86_64.whl", hash = "sha256:a4abb4f9001ad2858e7ac189089c42178fcce737e4169dc61321660f1a96c7d2"},
    {file = "numpy-1.26.4-cp310-cp310-win32.whl", hash = "sha256:bfe25acf8b437eb2a8b2d49d443800a5f18508cd811fea3181723922a8a82b07"},
    {file = "numpy-1.26.4-cp310-cp310-win_amd64.whl", hash = "sha256:b97fe8060236edf3662adfc2c633f56a08ae30560c56310562cb4f95500022d5"},
    {file = "numpy-1.26.4-cp311-cp311-macosx_10_9_x86_64.whl", hash = "sha256:4c66707fabe114439db9068ee468c26bbdf909cac0fb58686a42a24de1760c71"},
    {file = "numpy-1.26.4-cp311-cp311-macosx_11_0_arm64.whl", hash = "sha256:edd8b5fe47dab091176d21bb6de568acdd906d1887a4584a15a9a96a1dca06ef"},
    {file = "numpy-1.26.4-cp311-cp311-manylinux_2_17_aarch64.manylinux2014_aarch64.whl", hash = "sha256:7ab55401287bfec946ced39700c053796e7cc0e3acbef09993a9ad2adba6ca6e"},
    {file = "numpy-1.26.4-cp311-cp311-manylinux_2_17_x86_64.manylinux2014_x86_64.whl", hash = "sha256:666dbfb6ec68962c033a450943ded891bed2d54e6755e35e5835d63f4f6931d5"},
    {file = "numpy-1.26.4-cp311-cp311-musllinux_1_1_aarch64.whl", hash = "sha256:96ff0b2ad353d8f990b63294c8986f1ec3cb19d749234014f4e7eb0112ceba5a"},
    {file = "numpy-1.26.4-cp311-cp311-musllinux_1_1_x86_64.whl", hash = "sha256:60dedbb91afcbfdc9bc0b1f3f402804070deed7392c23eb7a7f07fa857868e8a"},
    {file = "numpy-1.26.4-cp311-cp311-win32.whl", hash = "sha256:1af303d6b2210eb850fcf03064d364652b7120803a0b872f5211f5234b399f20"},
    {file = "numpy-1.26.4-cp311-cp311-win_amd64.whl", hash = "sha256:cd25bcecc4974d09257ffcd1f098ee778f7834c3ad767fe5db785be9a4aa9cb2"},
    {file = "numpy-1.26.4-cp312-cp312-macosx_10_9_x86_64.whl", hash = "sha256:b3ce300f3644fb06443ee2222c2201dd3a89ea6040541412b8fa189341847218"},
    {file = "numpy-1.26.4-cp312-cp312-macosx_11_0_arm64.whl", hash = "sha256:03a8c78d01d9781b28a6989f6fa1bb2c4f2d51201cf99d3dd875df6fbd96b23b"},
    {file = "numpy-1.26.4-cp312-cp312-manylinux_2_17_aarch64.manylinux2014_aarch64.whl", hash = "sha256:9fad7dcb1aac3c7f0584a5a8133e3a43eeb2fe127f47e3632d43d677c66c102b"},
    {file = "numpy-1.26.4-cp312-cp312-manylinux_2_17_x86_64.manylinux2014_x86_64.whl", hash = "sha256:675d61ffbfa78604709862923189bad94014bef562cc35cf61d3a07bba02a7ed"},
    {file = "numpy-1.26.4-cp312-cp312-musllinux_1_1_aarch64.whl", hash = "sha256:ab47dbe5cc8210f55aa58e4805fe224dac469cde56b9f731a4c098b91917159a"},
    {file = "numpy-1.26.4-cp312-cp312-musllinux_1_1_x86_64.whl", hash = "sha256:1dda2e7b4ec9dd512f84935c5f126c8bd8b9f2fc001e9f54af255e8c5f16b0e0"},
    {file = "numpy-1.26.4-cp312-cp312-win32.whl", hash = "sha256:50193e430acfc1346175fcbdaa28ffec49947a06918b7b92130744e81e640110"},
    {file = "numpy-1.26.4-cp312-cp312-win_amd64.whl", hash = "sha256:08beddf13648eb95f8d867350f6a018a4be2e5ad54c8d8caed89ebca558b2818"},
    {file = "numpy-1.26.4-cp39-cp39-macosx_10_9_x86_64.whl", hash = "sha256:7349ab0fa0c429c82442a27a9673fc802ffdb7c7775fad780226cb234965e53c"},
    {file = "numpy-1.26.4-cp39-cp39-macosx_11_0_arm64.whl", hash = "sha256:52b8b60467cd7dd1e9ed082188b4e6bb35aa5cdd01777621a1658910745b90be"},
    {file = "numpy-1.26.4-cp39-cp39-manylinux_2_17_aarch64.manylinux2014_aarch64.whl", hash = "sha256:d5241e0a80d808d70546c697135da2c613f30e28251ff8307eb72ba696945764"},
    {file = "numpy-1.26.4-cp39-cp39-manylinux_2_17_x86_64.manylinux2014_x86_64.whl", hash = "sha256:f870204a840a60da0b12273ef34f7051e98c3b5961b61b0c2c1be6dfd64fbcd3"},
    {file = "numpy-1.26.4-cp39-cp39-musllinux_1_1_aarch64.whl", hash = "sha256:679b0076f67ecc0138fd2ede3a8fd196dddc2ad3254069bcb9faf9a79b1cebcd"},
    {file = "numpy-1.26.4-cp39-cp39-musllinux_1_1_x86_64.whl", hash = "sha256:47711010ad8555514b434df65f7d7b076bb8261df1ca9bb78f53d3b2db02e95c"},
    {file = "numpy-1.26.4-cp39-cp39-win32.whl", hash = "sha256:a354325ee03388678242a4d7ebcd08b5c727033fcff3b2f536aea978e15ee9e6"},
    {file = "numpy-1.26.4-cp39-cp39-win_amd64.whl", hash = "sha256:3373d5d70a5fe74a2c1bb6d2cfd9609ecf686d47a2d7b1d37a8f3b6bf6003aea"},
    {file = "numpy-1.26.4-pp39-pypy39_pp73-macosx_10_9_x86_64.whl", hash = "sha256:afedb719a9dcfc7eaf2287b839d8198e06dcd4cb5d276a3df279231138e83d30"},
    {file = "numpy-1.26.4-pp39-pypy39_pp73-manylinux_2_17_x86_64.manylinux2014_x86_64.whl", hash = "sha256:95a7476c59002f2f6c590b9b7b998306fba6a5aa646b1e22ddfeaf8f78c3a29c"},
    {file = "numpy-1.26.4-pp39-pypy39_pp73-win_amd64.whl", hash = "sha256:7e50d0a0cc3189f9cb0aeb3a6a6af18c16f59f004b866cd2be1c14b36134a4a0"},
    {file = "numpy-1.26.4.tar.gz", hash = "sha256:2a02aba9ed12e4ac4eb3ea9421c420301a0c6460d9830d74a9df87efa4912010"},
]

[[package]]
name = "opencv-python"
version = "4.10.0.84"
description = "Wrapper package for OpenCV python bindings."
optional = false
python-versions = ">=3.6"
files = [
    {file = "opencv-python-4.10.0.84.tar.gz", hash = "sha256:72d234e4582e9658ffea8e9cae5b63d488ad06994ef12d81dc303b17472f3526"},
    {file = "opencv_python-4.10.0.84-cp37-abi3-macosx_11_0_arm64.whl", hash = "sha256:fc182f8f4cda51b45f01c64e4cbedfc2f00aff799debebc305d8d0210c43f251"},
    {file = "opencv_python-4.10.0.84-cp37-abi3-macosx_12_0_x86_64.whl", hash = "sha256:71e575744f1d23f79741450254660442785f45a0797212852ee5199ef12eed98"},
    {file = "opencv_python-4.10.0.84-cp37-abi3-manylinux_2_17_aarch64.manylinux2014_aarch64.whl", hash = "sha256:09a332b50488e2dda866a6c5573ee192fe3583239fb26ff2f7f9ceb0bc119ea6"},
    {file = "opencv_python-4.10.0.84-cp37-abi3-manylinux_2_17_x86_64.manylinux2014_x86_64.whl", hash = "sha256:9ace140fc6d647fbe1c692bcb2abce768973491222c067c131d80957c595b71f"},
    {file = "opencv_python-4.10.0.84-cp37-abi3-win32.whl", hash = "sha256:2db02bb7e50b703f0a2d50c50ced72e95c574e1e5a0bb35a8a86d0b35c98c236"},
    {file = "opencv_python-4.10.0.84-cp37-abi3-win_amd64.whl", hash = "sha256:32dbbd94c26f611dc5cc6979e6b7aa1f55a64d6b463cc1dcd3c95505a63e48fe"},
]

[package.dependencies]
numpy = [
    {version = ">=1.21.0", markers = "python_version == \"3.9\" and platform_system == \"Darwin\" and platform_machine == \"arm64\""},
    {version = ">=1.26.0", markers = "python_version >= \"3.12\""},
    {version = ">=1.23.5", markers = "python_version >= \"3.11\" and python_version < \"3.12\""},
    {version = ">=1.21.4", markers = "python_version >= \"3.10\" and platform_system == \"Darwin\" and python_version < \"3.11\""},
    {version = ">=1.21.2", markers = "platform_system != \"Darwin\" and python_version >= \"3.10\" and python_version < \"3.11\""},
    {version = ">=1.19.3", markers = "platform_system == \"Linux\" and platform_machine == \"aarch64\" and python_version >= \"3.8\" and python_version < \"3.10\" or python_version > \"3.9\" and python_version < \"3.10\" or python_version >= \"3.9\" and platform_system != \"Darwin\" and python_version < \"3.10\" or python_version >= \"3.9\" and platform_machine != \"arm64\" and python_version < \"3.10\""},
]

[[package]]
name = "pyntcore"
version = "2024.3.2.1"
description = "Binary wrappers for the FRC ntcore library"
optional = false
python-versions = ">=3.8"
files = [
    {file = "pyntcore-2024.3.2.1-cp310-cp310-macosx_10_16_x86_64.whl", hash = "sha256:797f63318d74d6ac35377959963d96a5d7efdd8aab83bde53d8460d57187d081"},
    {file = "pyntcore-2024.3.2.1-cp310-cp310-manylinux_2_35_x86_64.whl", hash = "sha256:bb004fd47cb421420b951d1b4f317459d92254b24622a126bf532c19c0f9bb04"},
    {file = "pyntcore-2024.3.2.1-cp310-cp310-win_amd64.whl", hash = "sha256:141977ac2dd907bbbfc825cea714903b556f5bef6f85f2ee400c962a926b9fc1"},
    {file = "pyntcore-2024.3.2.1-cp311-cp311-macosx_12_0_universal2.whl", hash = "sha256:e9b522da7779c648a3a0fb1c6825efe8a76df782ac3f0e1eba8df9327a09e9d8"},
    {file = "pyntcore-2024.3.2.1-cp311-cp311-manylinux_2_35_x86_64.whl", hash = "sha256:74c872d24db91dd0e1c8e268fa55f806645cc1e9c013cc802b0d22dd0eb85e2a"},
    {file = "pyntcore-2024.3.2.1-cp311-cp311-win_amd64.whl", hash = "sha256:9784b8944a276330d5c3a28d863ad73ce9751c15a3e1617ce7a8b7d42bc0f438"},
    {file = "pyntcore-2024.3.2.1-cp312-cp312-macosx_12_0_universal2.whl", hash = "sha256:cd8e05bdcfb7f147f846553bb96a286aa479c436b5708b192d21da487643c706"},
    {file = "pyntcore-2024.3.2.1-cp312-cp312-manylinux_2_35_x86_64.whl", hash = "sha256:125620969a399da9a90b1806c90aa46476dbcb8b9a2f079d888eb08da8f2057c"},
    {file = "pyntcore-2024.3.2.1-cp312-cp312-win_amd64.whl", hash = "sha256:4c9bc823706a1245c62ba6b9eaf4ddf46e647bb00b8a540e29adb182bf3ad361"},
    {file = "pyntcore-2024.3.2.1-cp38-cp38-macosx_10_16_x86_64.whl", hash = "sha256:e000d07c54db917b601e305186afc988d14a97b1ec5bd2eabcce12dc0f6dfd9d"},
    {file = "pyntcore-2024.3.2.1-cp38-cp38-manylinux_2_35_x86_64.whl", hash = "sha256:1d19f9d8fc197c2e62d8d491007649f4098589fae551500bf33ad308f5d45782"},
    {file = "pyntcore-2024.3.2.1-cp38-cp38-win_amd64.whl", hash = "sha256:9dc7ecf3b8c08877222659a53d1d20e95686acd3478ebb3792bf3ab6544f4f92"},
    {file = "pyntcore-2024.3.2.1-cp39-cp39-macosx_10_16_x86_64.whl", hash = "sha256:8077da9871cdeff82ed68f184dada6d13f11a522d3ceadcb0c7312235cde8277"},
    {file = "pyntcore-2024.3.2.1-cp39-cp39-manylinux_2_35_x86_64.whl", hash = "sha256:38df52c068daf75d25e235be05a19aec15d49c54171143ccc28bbd60453c870c"},
    {file = "pyntcore-2024.3.2.1-cp39-cp39-win_amd64.whl", hash = "sha256:34cdc971f220c11b9fb4441d1ac88b7a71a46c68786f5264d7bdc03d1517dae4"},
]

[package.dependencies]
robotpy-wpinet = "2024.3.2.1"
robotpy-wpiutil = "2024.3.2.1"

[[package]]
name = "robotpy-wpimath"
version = "2024.3.2.1"
description = "Binary wrapper for FRC WPIMath library"
optional = false
python-versions = ">=3.8"
files = [
    {file = "robotpy_wpimath-2024.3.2.1-cp310-cp310-macosx_10_16_x86_64.whl", hash = "sha256:4501f3ef95d18ab044001e339c14aec3260dc58c0dded9c963ceda045ccb7883"},
    {file = "robotpy_wpimath-2024.3.2.1-cp310-cp310-manylinux_2_35_x86_64.whl", hash = "sha256:95dc21baa6beb0264fb3489de850fce4578ecbc4f661a8098439bb70bc96f3a6"},
    {file = "robotpy_wpimath-2024.3.2.1-cp310-cp310-win_amd64.whl", hash = "sha256:283f795cf6393b6ca0c5797b16ae36fd149b3f2494418c5bb1cbb1571c594d17"},
    {file = "robotpy_wpimath-2024.3.2.1-cp311-cp311-macosx_12_0_universal2.whl", hash = "sha256:a173cdce96691cf87f172b1455b6128bbf410f01f7940b3e1afc3373447e0365"},
    {file = "robotpy_wpimath-2024.3.2.1-cp311-cp311-manylinux_2_35_x86_64.whl", hash = "sha256:8d46645499c470306c3665f3ecd2124fdcf141c4ae48cb25b01e4231dce3c70a"},
    {file = "robotpy_wpimath-2024.3.2.1-cp311-cp311-win_amd64.whl", hash = "sha256:cdea57f90bb04039c8e2f5f265460c61ba18fd742ed01a3b34bcf160f1e8f323"},
    {file = "robotpy_wpimath-2024.3.2.1-cp312-cp312-macosx_12_0_universal2.whl", hash = "sha256:ced2ce07dae855f4526dc8fa920b372a67e2fa286f2ccaf66786b82d039fb967"},
    {file = "robotpy_wpimath-2024.3.2.1-cp312-cp312-manylinux_2_35_x86_64.whl", hash = "sha256:38bd81647483afa0bec474ab5a0915aa5b63a2c2fffa093188bf1c593a873119"},
    {file = "robotpy_wpimath-2024.3.2.1-cp312-cp312-win_amd64.whl", hash = "sha256:ea8aea67dc9976c3ac103a794623a43e2d8364d76791ecd5aad2d0eb9faab24d"},
    {file = "robotpy_wpimath-2024.3.2.1-cp38-cp38-macosx_10_16_x86_64.whl", hash = "sha256:8718d355a1ae40e76bcf17611ad6cd61a68b75f29f887712244136b3b7a028f7"},
    {file = "robotpy_wpimath-2024.3.2.1-cp38-cp38-manylinux_2_35_x86_64.whl", hash = "sha256:0acb813c26c7fd73a79efd81756ef1faa0801a78d28e4041e3c77cdab128bd09"},
    {file = "robotpy_wpimath-2024.3.2.1-cp38-cp38-win_amd64.whl", hash = "sha256:f0dffede4d14039b2a9165c30c9a98dcb427d3d8cc8c2ce3dc05f473f15dfa67"},
    {file = "robotpy_wpimath-2024.3.2.1-cp39-cp39-macosx_10_16_x86_64.whl", hash = "sha256:1269304e9feb646d4c60366ada36596c04ff8133222b434c54e8befd5ef16405"},
    {file = "robotpy_wpimath-2024.3.2.1-cp39-cp39-manylinux_2_35_x86_64.whl", hash = "sha256:5c1a500b10d340d63ff0056373b56a5cdff92c734a65b226098049c8e084ee55"},
    {file = "robotpy_wpimath-2024.3.2.1-cp39-cp39-win_amd64.whl", hash = "sha256:4440fa8089ec0bc87f2e26d447e7510a666dec6918ac6234b9a843716cd88e95"},
]

[package.dependencies]
robotpy-wpiutil = "2024.3.2.1"

[[package]]
name = "robotpy-wpinet"
version = "2024.3.2.1"
description = "Binary wrapper for FRC wpinet library"
optional = false
python-versions = ">=3.8"
files = [
    {file = "robotpy_wpinet-2024.3.2.1-cp310-cp310-macosx_10_16_x86_64.whl", hash = "sha256:ce0284d78e2219fe8108e792eaff994b5af162f2afc10072cd63da733bb6d519"},
    {file = "robotpy_wpinet-2024.3.2.1-cp310-cp310-manylinux_2_35_x86_64.whl", hash = "sha256:63b8d1098a8ee147c292e4cfed271c78b7749b087fe445ccfe038778c23812aa"},
    {file = "robotpy_wpinet-2024.3.2.1-cp310-cp310-win_amd64.whl", hash = "sha256:68c132a5e8f674310f3d2d53224c3045d5e2d0f4cff77ed9223fd422a6d548a8"},
    {file = "robotpy_wpinet-2024.3.2.1-cp311-cp311-macosx_12_0_universal2.whl", hash = "sha256:127aaf05fa3e846581f63c347ca62df1a1cd0a831e8d73865e16570143f1d70f"},
    {file = "robotpy_wpinet-2024.3.2.1-cp311-cp311-manylinux_2_35_x86_64.whl", hash = "sha256:718826ad336437ce6bc4e833326390a977bd56d00f22012fae3bb8da03464a96"},
    {file = "robotpy_wpinet-2024.3.2.1-cp311-cp311-win_amd64.whl", hash = "sha256:5af246cc8063256df73575778b88d0141fe60b0b42fc6c11b7791934c3155fc1"},
    {file = "robotpy_wpinet-2024.3.2.1-cp312-cp312-macosx_12_0_universal2.whl", hash = "sha256:c4b3bfd3452fe8f571924fedfc2cc11d61b3d2a6df897e8fd0014800e1db47aa"},
    {file = "robotpy_wpinet-2024.3.2.1-cp312-cp312-manylinux_2_35_x86_64.whl", hash = "sha256:78fa34db28343bd8e081cbe3c981b00b2a0c7682cfc052bad2152777e06ab305"},
    {file = "robotpy_wpinet-2024.3.2.1-cp312-cp312-win_amd64.whl", hash = "sha256:88d377af878062c94cd95b1e262879365119282e55ca9fa5b87d316201767688"},
    {file = "robotpy_wpinet-2024.3.2.1-cp38-cp38-macosx_10_16_x86_64.whl", hash = "sha256:4c260cdd1e238241653f96a02250c7e2a38bf6c55c75af52978f3a98fabb9cfb"},
    {file = "robotpy_wpinet-2024.3.2.1-cp38-cp38-manylinux_2_35_x86_64.whl", hash = "sha256:3582d9442f40b2a2d6a7f881c6460685de56b1ca000199626c0c8e8fcd0b3a2f"},
    {file = "robotpy_wpinet-2024.3.2.1-cp38-cp38-win_amd64.whl", hash = "sha256:1db3b30fac72395e0ec176a7e7df20f3dc5111c2503e63205ecb447c7c18f4f9"},
    {file = "robotpy_wpinet-2024.3.2.1-cp39-cp39-macosx_10_16_x86_64.whl", hash = "sha256:c1b2532a4d0398f2e24ec187606cdf08173ea9f79d57d0bb14a2494a35474577"},
    {file = "robotpy_wpinet-2024.3.2.1-cp39-cp39-manylinux_2_35_x86_64.whl", hash = "sha256:6baad3d9f7ab9238d07bd88d62f47d8d9407eddcb70b04b275fe4a6ddf750ffe"},
    {file = "robotpy_wpinet-2024.3.2.1-cp39-cp39-win_amd64.whl", hash = "sha256:f38745b77f2b0e1d4aadf4bf91617af3bd508eb6c665ff4960c614b5643f597c"},
]

[package.dependencies]
robotpy-wpiutil = "2024.3.2.1"

[[package]]
name = "robotpy-wpiutil"
version = "2024.3.2.1"
description = "Binary wrapper for FRC WPIUtil library"
optional = false
python-versions = ">=3.8"
files = [
    {file = "robotpy_wpiutil-2024.3.2.1-cp310-cp310-macosx_10_16_x86_64.whl", hash = "sha256:cccd8142a9e3cff7be3fbc18d91016af1a9e9acc00a7d0f4cbafa55a606106e6"},
    {file = "robotpy_wpiutil-2024.3.2.1-cp310-cp310-manylinux_2_35_x86_64.whl", hash = "sha256:db2a7fe323fdbe27e7cd9c6f6b381913bb0b7c7694281509602c41dae3f77230"},
    {file = "robotpy_wpiutil-2024.3.2.1-cp310-cp310-win_amd64.whl", hash = "sha256:43b46ca013aa94130418cdb13ee73634627c9b738b8e70e26598d9aea98aa76d"},
    {file = "robotpy_wpiutil-2024.3.2.1-cp311-cp311-macosx_12_0_universal2.whl", hash = "sha256:c9f721682b364141eb5085129ba13789f10009876d7221e08faff889c487d244"},
    {file = "robotpy_wpiutil-2024.3.2.1-cp311-cp311-manylinux_2_35_x86_64.whl", hash = "sha256:ee451802ca859766d84ca694cfbd93be9989ca5b6e0c2ab01b47a2e2dbdab5d0"},
    {file = "robotpy_wpiutil-2024.3.2.1-cp311-cp311-win_amd64.whl", hash = "sha256:219df24e22b11bd3792e5a7f41b0c3333aaa219f79c517e5c2b82c86d5430c13"},
    {file = "robotpy_wpiutil-2024.3.2.1-cp312-cp312-macosx_12_0_universal2.whl", hash = "sha256:f0b8aca37ab565244f27623647cce2adf08d0062bf225655c5a5a94daaf33b50"},
    {file = "robotpy_wpiutil-2024.3.2.1-cp312-cp312-manylinux_2_35_x86_64.whl", hash = "sha256:d075c37a7c49386137b6c95d0ea33a47f42bcdf058b7380b6a1f4a0853b6af39"},
    {file = "robotpy_wpiutil-2024.3.2.1-cp312-cp312-win_amd64.whl", hash = "sha256:ba74db179ca6f8a14fbe78df6144535b8811c9eac78dd183f5e60b94c4f02739"},
    {file = "robotpy_wpiutil-2024.3.2.1-cp38-cp38-macosx_10_16_x86_64.whl", hash = "sha256:569918d19be55cf66d4e406bfb13e103a8d003fc7069a7b99dda3bf619431adf"},
    {file = "robotpy_wpiutil-2024.3.2.1-cp38-cp38-manylinux_2_35_x86_64.whl", hash = "sha256:8be2371dbefc605676c92ce416dd0f220ec093b61ad0a4d7faf44516e6e90e07"},
    {file = "robotpy_wpiutil-2024.3.2.1-cp38-cp38-win_amd64.whl", hash = "sha256:d8c6f11dd41c8bf944d57ec3b5e75117818071a874c6c350b402ebcdf6b480cd"},
    {file = "robotpy_wpiutil-2024.3.2.1-cp39-cp39-macosx_10_16_x86_64.whl", hash = "sha256:89e54ffe1f4010879fab32d191f27f31422f14af564ebfbb7f6757b8d075bb04"},
    {file = "robotpy_wpiutil-2024.3.2.1-cp39-cp39-manylinux_2_35_x86_64.whl", hash = "sha256:c523b2c7e8fab87f62f06f4ade2310f9c88cf0e5a8868ac207c37f216c6d38fa"},
    {file = "robotpy_wpiutil-2024.3.2.1-cp39-cp39-win_amd64.whl", hash = "sha256:f8a41eaaca936e789b54e184eb700a70cf69dd301ddc79081507e6a3c9ef9037"},
]

[metadata]
lock-version = "2.0"
python-versions = "^3.9"
content-hash = "d0c88d8724782767c75e102351e8365437bb9896f123e0a22f21e4b6aa4ef64f"
